{
  "name": "hardhat-project",
  "lockfileVersion": 2,
  "requires": true,
  "packages": {
    "": {
      "name": "hardhat-project",
      "dependencies": {
        "@openzeppelin/contracts": "^4.8.1"
      }
    },
    "node_modules/@openzeppelin/contracts": {
      "version": "4.8.1",
      "resolved": "https://registry.npmjs.org/@openzeppelin/contracts/-/contracts-4.8.1.tgz",
      "integrity": "sha512-xQ6eUZl+RDyb/FiZe1h+U7qr/f4p/SrTSQcTPH2bjur3C5DbuW/zFgCU/b1P/xcIaEqJep+9ju4xDRi3rmChdQ=="
    }
  },
  "dependencies": {
    "@openzeppelin/contracts": {
      "version": "4.8.1",
      "resolved": "https://registry.npmjs.org/@openzeppelin/contracts/-/contracts-4.8.1.tgz",
      "integrity": "sha512-xQ6eUZl+RDyb/FiZe1h+U7qr/f4p/SrTSQcTPH2bjur3C5DbuW/zFgCU/b1P/xcIaEqJep+9ju4xDRi3rmChdQ=="
    }
  }
}
